# This file is autogenerated, do not edit; changes may be undone by the next 'dep ensure'.


[[projects]]
  branch = "master"
  name = "github.com/agtorre/gocolorize"
  packages = ["."]
  revision = "99fea4bc9517f07eea8194702cb7076f4845b7de"

[[projects]]
  name = "github.com/cactus/go-statsd-client"
  packages = ["statsd"]
  revision = "d8eabe07bc70ff9ba6a56836cde99d1ea3d005f7"

[[projects]]
  name = "github.com/davecgh/go-spew"
  packages = ["spew"]
  revision = "04cdfd42973bb9c8589fd6a731800cf222fde1a9"

[[projects]]
  name = "github.com/go-sql-driver/mysql"
  packages = ["."]
  revision = "2e00b5cd70399450106cec6431c2e2ce3cae5034"

[[projects]]
  branch = "master"
  name = "github.com/golang/glog"
  packages = ["."]
  revision = "23def4e6c14b4da8ac2ed8007337bc5eb5007998"

[[projects]]
  name = "github.com/golang/protobuf"
  packages = ["proto","ptypes","ptypes/any","ptypes/duration","ptypes/timestamp"]
  revision = "69b215d01a5606c843240eab4937eab3acee6530"

[[projects]]
  name = "github.com/hashicorp/go-version"
  packages = ["."]
  revision = "03c5bf6be031b6dd45afec16b1cf94fc8938bc77"

[[projects]]
  name = "github.com/jmoiron/sqlx"
  packages = [".","reflectx"]
  revision = "f4076845477b10ac2453a16377a8383467aafe72"

[[projects]]
  name = "github.com/klauspost/compress"
  packages = ["flate","gzip","zlib"]
  revision = "14c9a76e3c95e47f8ccce949bba2c1101a8b85e6"

[[projects]]
  name = "github.com/klauspost/cpuid"
  packages = ["."]
  revision = "09cded8978dc9e80714c4d85b0322337b0a1e5e0"
  version = "v1.0"

[[projects]]
  name = "github.com/klauspost/crc32"
  packages = ["."]
  revision = "1bab8b35b6bb565f92cbc97939610af9369f942a"

[[projects]]
  branch = "master"
  name = "github.com/nu7hatch/gouuid"
  packages = ["."]
  revision = "179d4d0c4d8d407a32af483c2354df1d2c91e6c3"

[[projects]]
  name = "github.com/percona/go-mysql"
  packages = ["event","log"]
  revision = "2a6037d7d809b18ebd6d735b397f2321879af611"

[[projects]]
  name = "github.com/percona/pmm"
  packages = ["proto","proto/config","proto/metrics","proto/qan","proto/query"]
  revision = "8951ae806e03cb6dc8cc01f32e8cb705a69e818c"

[[projects]]
  name = "github.com/pkg/errors"
  packages = ["."]
  revision = "645ef00459ed84a119197bfb8d8205042c6df63d"
  version = "v0.8.0"

[[projects]]
  name = "github.com/pmezard/go-difflib"
  packages = ["difflib"]
  revision = "d8ed2627bdf02c080bf22230dbb337003b7aba2d"

[[projects]]
  name = "github.com/revel/cmd"
  packages = ["harness","revel"]
  revision = "29e594435c59a46332d5dff89e7a6bc535db9085"
  version = "v0.18.0"

[[projects]]
  name = "github.com/revel/config"
  packages = ["."]
  revision = "75f5ee659b5338d1ce823536fe9b9e50b4de01b4"
  version = "v0.13.0"

[[projects]]
  name = "github.com/revel/modules"
  packages = ["testrunner/app/controllers"]
  revision = "45c500a736554f6951e4855e1ca59658fa2528c3"
  version = "v0.18.0"

[[projects]]
  name = "github.com/revel/revel"
  packages = [".","testing"]
  revision = "8d01a054f6bca9430b3e497fe7b4f20ec8f054ce"
  version = "v0.13.1"

[[projects]]
  branch = "master"
  name = "github.com/robfig/config"
  packages = ["."]
  revision = "0f78529c8c7e3e9a25f15876532ecbc07c7d99e6"

[[projects]]
  branch = "master"
  name = "github.com/robfig/pathtree"
  packages = ["."]
  revision = "41257a1839e945fce74afd070e02bab2ea2c776a"

[[projects]]
  name = "github.com/stretchr/testify"
  packages = ["assert"]
  revision = "4d4bfba8f1d1027c4fdbe371823030df51419987"

[[projects]]
  name = "github.com/youtube/vitess"
  packages = ["go/bytes2","go/event","go/hack","go/sqltypes","go/tb","go/vt/logutil","go/vt/proto/logutil","go/vt/proto/query","go/vt/proto/topodata","go/vt/proto/vtgate","go/vt/proto/vtrpc","go/vt/sqlparser","go/vt/vterrors"]
  revision = "9b42ea02086d8061f2fd49df6a00670689485fc7"

[[projects]]
  name = "golang.org/x/net"
  packages = ["context","websocket"]
  revision = "6b27048ae5e6ad1ef927e72e437531493de612fe"

[[projects]]
  name = "golang.org/x/sys"
  packages = ["unix"]
  revision = "075e574b89e4c2d22f2286a7e2b919519c6f3547"

[[projects]]
  name = "google.golang.org/genproto"
  packages = ["googleapis/rpc/status"]
  revision = "1e559d0a00eef8a9a43151db4665280bd8dd5886"

[[projects]]
  name = "google.golang.org/grpc"
  packages = ["codes","status"]
  revision = "a68137c92756bf6ac0f9cfa5299f7dfd0af5dfe2"

[[projects]]
  branch = "v1"
  name = "gopkg.in/check.v1"
  packages = ["."]
  revision = "20d25e2804050c1cd24a7eea1e7a6447dd0e74ec"

[[projects]]
  name = "gopkg.in/fsnotify.v1"
  packages = ["."]
  revision = "629574ca2a5df945712d3079857300b5e4da0236"
  version = "v1.4.2"

[solve-meta]
  analyzer-name = "dep"
  analyzer-version = 1
  inputs-digest = "5f299c25a6b0f2981eeeb145261a8755ec49bfe7274023bd5b176c9285b35a72"
  solver-name = "gps-cdcl"
  solver-version = 1
